
Microsoft Visual Studio Solution File, Format Version 12.00
# Visual Studio Version 17
VisualStudioVersion = 17.0.31903.59
MinimumVisualStudioVersion = 10.0.40219.1
Project("{2150E333-8FDC-42A3-9474-1A3956D46DE8}") = "src", "src", "{07E6344A-803D-4CA1-BEE4-19460E25703B}"
EndProject
Project("{FAE04EC0-301F-11D3-BF4B-00C04F79EFBC}") = "Sts2ModKit.Core", "src\Sts2ModKit.Core\Sts2ModKit.Core.csproj", "{655D98C0-ECBF-4C4E-BC2A-14E0C2952BCA}"
EndProject
Project("{FAE04EC0-301F-11D3-BF4B-00C04F79EFBC}") = "Sts2ModKit.Tool", "src\Sts2ModKit.Tool\Sts2ModKit.Tool.csproj", "{39CD3DBC-AAED-4B54-81AB-8E6686E26345}"
EndProject
Project("{FAE04EC0-301F-11D3-BF4B-00C04F79EFBC}") = "Sts2ModKit.SelfTest", "src\Sts2ModKit.SelfTest\Sts2ModKit.SelfTest.csproj", "{81650772-4044-4811-87DD-9EA6443F2FAB}"
EndProject
Project("{FAE04EC0-301F-11D3-BF4B-00C04F79EFBC}") = "Sts2ModAiCompanion.Mod", "src\Sts2ModAiCompanion.Mod\Sts2ModAiCompanion.Mod.csproj", "{B1DF77F9-4C09-4A8F-B51F-E848D6B78E8E}"
EndProject
Project("{FAE04EC0-301F-11D3-BF4B-00C04F79EFBC}") = "Sts2AiCompanion.Host", "src\Sts2AiCompanion.Host\Sts2AiCompanion.Host.csproj", "{A35F3A6C-8B8A-4532-9302-0BA15DC0AC50}"
EndProject
Project("{FAE04EC0-301F-11D3-BF4B-00C04F79EFBC}") = "Sts2AiCompanion.Wpf", "src\Sts2AiCompanion.Wpf\Sts2AiCompanion.Wpf.csproj", "{0CEC22BB-0CC6-4C08-AECA-D3FF4598CF14}"
EndProject
Project("{FAE04EC0-301F-11D3-BF4B-00C04F79EFBC}") = "Sts2ModAiCompanion.HarnessBridge", "src\Sts2ModAiCompanion.HarnessBridge\Sts2ModAiCompanion.HarnessBridge.csproj", "{2550AF98-0C0F-4593-88F7-3028C1C6D9FE}"
EndProject
Project("{FAE04EC0-301F-11D3-BF4B-00C04F79EFBC}") = "Sts2AiCompanion.Advisor", "src\Sts2AiCompanion.Advisor\Sts2AiCompanion.Advisor.csproj", "{A318DBDF-38F3-4DC4-B2B7-8230CACC4AD7}"
EndProject
Project("{FAE04EC0-301F-11D3-BF4B-00C04F79EFBC}") = "Sts2AiCompanion.Foundation", "src\Sts2AiCompanion.Foundation\Sts2AiCompanion.Foundation.csproj", "{60ED3435-7955-45C9-80DF-9604852D76C0}"
EndProject
Project("{FAE04EC0-301F-11D3-BF4B-00C04F79EFBC}") = "Sts2AiCompanion.Harness", "src\Sts2AiCompanion.Harness\Sts2AiCompanion.Harness.csproj", "{3290245E-4BA1-4C1A-933B-CB93558B41AD}"
EndProject
Global
	GlobalSection(SolutionConfigurationPlatforms) = preSolution
		Debug|Any CPU = Debug|Any CPU
		Release|Any CPU = Release|Any CPU
	EndGlobalSection
	GlobalSection(SolutionProperties) = preSolution
		HideSolutionNode = FALSE
	EndGlobalSection
	GlobalSection(ProjectConfigurationPlatforms) = postSolution
		{655D98C0-ECBF-4C4E-BC2A-14E0C2952BCA}.Debug|Any CPU.ActiveCfg = Debug|Any CPU
		{655D98C0-ECBF-4C4E-BC2A-14E0C2952BCA}.Debug|Any CPU.Build.0 = Debug|Any CPU
		{655D98C0-ECBF-4C4E-BC2A-14E0C2952BCA}.Release|Any CPU.ActiveCfg = Release|Any CPU
		{655D98C0-ECBF-4C4E-BC2A-14E0C2952BCA}.Release|Any CPU.Build.0 = Release|Any CPU
		{39CD3DBC-AAED-4B54-81AB-8E6686E26345}.Debug|Any CPU.ActiveCfg = Debug|Any CPU
		{39CD3DBC-AAED-4B54-81AB-8E6686E26345}.Debug|Any CPU.Build.0 = Debug|Any CPU
		{39CD3DBC-AAED-4B54-81AB-8E6686E26345}.Release|Any CPU.ActiveCfg = Release|Any CPU
		{39CD3DBC-AAED-4B54-81AB-8E6686E26345}.Release|Any CPU.Build.0 = Release|Any CPU
		{81650772-4044-4811-87DD-9EA6443F2FAB}.Debug|Any CPU.ActiveCfg = Debug|Any CPU
		{81650772-4044-4811-87DD-9EA6443F2FAB}.Debug|Any CPU.Build.0 = Debug|Any CPU
		{81650772-4044-4811-87DD-9EA6443F2FAB}.Release|Any CPU.ActiveCfg = Release|Any CPU
		{81650772-4044-4811-87DD-9EA6443F2FAB}.Release|Any CPU.Build.0 = Release|Any CPU
		{B1DF77F9-4C09-4A8F-B51F-E848D6B78E8E}.Debug|Any CPU.ActiveCfg = Debug|Any CPU
		{B1DF77F9-4C09-4A8F-B51F-E848D6B78E8E}.Debug|Any CPU.Build.0 = Debug|Any CPU
		{B1DF77F9-4C09-4A8F-B51F-E848D6B78E8E}.Release|Any CPU.ActiveCfg = Release|Any CPU
		{B1DF77F9-4C09-4A8F-B51F-E848D6B78E8E}.Release|Any CPU.Build.0 = Release|Any CPU
		{A35F3A6C-8B8A-4532-9302-0BA15DC0AC50}.Debug|Any CPU.ActiveCfg = Debug|Any CPU
		{A35F3A6C-8B8A-4532-9302-0BA15DC0AC50}.Debug|Any CPU.Build.0 = Debug|Any CPU
		{A35F3A6C-8B8A-4532-9302-0BA15DC0AC50}.Release|Any CPU.ActiveCfg = Release|Any CPU
		{A35F3A6C-8B8A-4532-9302-0BA15DC0AC50}.Release|Any CPU.Build.0 = Release|Any CPU
		{0CEC22BB-0CC6-4C08-AECA-D3FF4598CF14}.Debug|Any CPU.ActiveCfg = Debug|Any CPU
		{0CEC22BB-0CC6-4C08-AECA-D3FF4598CF14}.Debug|Any CPU.Build.0 = Debug|Any CPU
		{0CEC22BB-0CC6-4C08-AECA-D3FF4598CF14}.Release|Any CPU.ActiveCfg = Release|Any CPU
		{0CEC22BB-0CC6-4C08-AECA-D3FF4598CF14}.Release|Any CPU.Build.0 = Release|Any CPU
		{2550AF98-0C0F-4593-88F7-3028C1C6D9FE}.Debug|Any CPU.ActiveCfg = Debug|Any CPU
		{2550AF98-0C0F-4593-88F7-3028C1C6D9FE}.Debug|Any CPU.Build.0 = Debug|Any CPU
		{2550AF98-0C0F-4593-88F7-3028C1C6D9FE}.Release|Any CPU.ActiveCfg = Release|Any CPU
		{2550AF98-0C0F-4593-88F7-3028C1C6D9FE}.Release|Any CPU.Build.0 = Release|Any CPU
		{A318DBDF-38F3-4DC4-B2B7-8230CACC4AD7}.Debug|Any CPU.ActiveCfg = Debug|Any CPU
		{A318DBDF-38F3-4DC4-B2B7-8230CACC4AD7}.Debug|Any CPU.Build.0 = Debug|Any CPU
		{A318DBDF-38F3-4DC4-B2B7-8230CACC4AD7}.Release|Any CPU.ActiveCfg = Release|Any CPU
		{A318DBDF-38F3-4DC4-B2B7-8230CACC4AD7}.Release|Any CPU.Build.0 = Release|Any CPU
		{60ED3435-7955-45C9-80DF-9604852D76C0}.Debug|Any CPU.ActiveCfg = Debug|Any CPU
		{60ED3435-7955-45C9-80DF-9604852D76C0}.Debug|Any CPU.Build.0 = Debug|Any CPU
		{60ED3435-7955-45C9-80DF-9604852D76C0}.Release|Any CPU.ActiveCfg = Release|Any CPU
		{60ED3435-7955-45C9-80DF-9604852D76C0}.Release|Any CPU.Build.0 = Release|Any CPU
		{3290245E-4BA1-4C1A-933B-CB93558B41AD}.Debug|Any CPU.ActiveCfg = Debug|Any CPU
		{3290245E-4BA1-4C1A-933B-CB93558B41AD}.Debug|Any CPU.Build.0 = Debug|Any CPU
		{3290245E-4BA1-4C1A-933B-CB93558B41AD}.Release|Any CPU.ActiveCfg = Release|Any CPU
		{3290245E-4BA1-4C1A-933B-CB93558B41AD}.Release|Any CPU.Build.0 = Release|Any CPU
	EndGlobalSection
	GlobalSection(NestedProjects) = preSolution
		{655D98C0-ECBF-4C4E-BC2A-14E0C2952BCA} = {07E6344A-803D-4CA1-BEE4-19460E25703B}
		{39CD3DBC-AAED-4B54-81AB-8E6686E26345} = {07E6344A-803D-4CA1-BEE4-19460E25703B}
		{81650772-4044-4811-87DD-9EA6443F2FAB} = {07E6344A-803D-4CA1-BEE4-19460E25703B}
		{B1DF77F9-4C09-4A8F-B51F-E848D6B78E8E} = {07E6344A-803D-4CA1-BEE4-19460E25703B}
		{A35F3A6C-8B8A-4532-9302-0BA15DC0AC50} = {07E6344A-803D-4CA1-BEE4-19460E25703B}
		{0CEC22BB-0CC6-4C08-AECA-D3FF4598CF14} = {07E6344A-803D-4CA1-BEE4-19460E25703B}
		{2550AF98-0C0F-4593-88F7-3028C1C6D9FE} = {07E6344A-803D-4CA1-BEE4-19460E25703B}
		{A318DBDF-38F3-4DC4-B2B7-8230CACC4AD7} = {07E6344A-803D-4CA1-BEE4-19460E25703B}
		{60ED3435-7955-45C9-80DF-9604852D76C0} = {07E6344A-803D-4CA1-BEE4-19460E25703B}
		{3290245E-4BA1-4C1A-933B-CB93558B41AD} = {07E6344A-803D-4CA1-BEE4-19460E25703B}
	EndGlobalSection
EndGlobal
